// !$*UTF8*$!
{
	archiveVersion = 1;
	classes = {
	};
	objectVersion = 56;
	objects = {

/* Begin PBXBuildFile section */
		AC8EF7622ACEB8BC00461BD6 /* STapApp.swift in Sources */ = {isa = PBXBuildFile; fileRef = AC8EF7612ACEB8BC00461BD6 /* STapApp.swift */; };
		AC8EF7642ACEB8BC00461BD6 /* ContentView.swift in Sources */ = {isa = PBXBuildFile; fileRef = AC8EF7632ACEB8BC00461BD6 /* ContentView.swift */; };
		AC8EF7662ACEB8BD00461BD6 /* Assets.xcassets in Resources */ = {isa = PBXBuildFile; fileRef = AC8EF7652ACEB8BD00461BD6 /* Assets.xcassets */; };
		AC8EF7692ACEB8BD00461BD6 /* Preview Assets.xcassets in Resources */ = {isa = PBXBuildFile; fileRef = AC8EF7682ACEB8BD00461BD6 /* Preview Assets.xcassets */; };
		AC8EF7702ACEB95E00461BD6 /* STapButton.swift in Sources */ = {isa = PBXBuildFile; fileRef = AC8EF76F2ACEB95E00461BD6 /* STapButton.swift */; };
		AC8EF7762ACEE12800461BD6 /* MusicSelectMenu.swift in Sources */ = {isa = PBXBuildFile; fileRef = AC8EF7752ACEE12800461BD6 /* MusicSelectMenu.swift */; };
		AC8EF77B2ACEF25500461BD6 /* CountDown.swift in Sources */ = {isa = PBXBuildFile; fileRef = AC8EF77A2ACEF25500461BD6 /* CountDown.swift */; };
		F35F6F202ACEE67E00D90A86 /* CombineMoya in Frameworks */ = {isa = PBXBuildFile; productRef = F35F6F1F2ACEE67E00D90A86 /* CombineMoya */; };
		F35F6F222ACEE67E00D90A86 /* Moya in Frameworks */ = {isa = PBXBuildFile; productRef = F35F6F212ACEE67E00D90A86 /* Moya */; };
		F35F6F252ACEE6AF00D90A86 /* YoutubeAPI.swift in Sources */ = {isa = PBXBuildFile; fileRef = F35F6F242ACEE6AF00D90A86 /* YoutubeAPI.swift */; };
		F35F6F282ACEEB6F00D90A86 /* ViewModelable.swift in Sources */ = {isa = PBXBuildFile; fileRef = F35F6F272ACEEB6F00D90A86 /* ViewModelable.swift */; };
		F35F6F2A2ACEEB9B00D90A86 /* PlayerViewModel.swift in Sources */ = {isa = PBXBuildFile; fileRef = F35F6F292ACEEB9B00D90A86 /* PlayerViewModel.swift */; };
		F35F6F2C2ACEF1B500D90A86 /* MusicsViewModel.swift in Sources */ = {isa = PBXBuildFile; fileRef = F35F6F2B2ACEF1B500D90A86 /* MusicsViewModel.swift */; };
		F35F6F2F2ACEF30900D90A86 /* SongDTO.swift in Sources */ = {isa = PBXBuildFile; fileRef = F35F6F2E2ACEF30900D90A86 /* SongDTO.swift */; };
		F35F6F322ACEF79500D90A86 /* Data+extensions.swift in Sources */ = {isa = PBXBuildFile; fileRef = F35F6F312ACEF79500D90A86 /* Data+extensions.swift */; };
		F35F6F352ACEFB2A00D90A86 /* Song.swift in Sources */ = {isa = PBXBuildFile; fileRef = F35F6F342ACEFB2A00D90A86 /* Song.swift */; };
		F35F6F382ACF0B5700D90A86 /* YouTubePlayerKit in Frameworks */ = {isa = PBXBuildFile; productRef = F35F6F372ACF0B5700D90A86 /* YouTubePlayerKit */; };
		F35F6F3A2ACF0C4B00D90A86 /* PlayerView.swift in Sources */ = {isa = PBXBuildFile; fileRef = F35F6F392ACF0C4B00D90A86 /* PlayerView.swift */; };
		F35F6F3D2ACF29B000D90A86 /* HeaderView.swift in Sources */ = {isa = PBXBuildFile; fileRef = F35F6F3C2ACF29B000D90A86 /* HeaderView.swift */; };
/* End PBXBuildFile section */

/* Begin PBXFileReference section */
		AC8EF75E2ACEB8BC00461BD6 /* STap.app */ = {isa = PBXFileReference; explicitFileType = wrapper.application; includeInIndex = 0; path = STap.app; sourceTree = BUILT_PRODUCTS_DIR; };
		AC8EF7612ACEB8BC00461BD6 /* STapApp.swift */ = {isa = PBXFileReference; lastKnownFileType = sourcecode.swift; path = STapApp.swift; sourceTree = "<group>"; };
		AC8EF7632ACEB8BC00461BD6 /* ContentView.swift */ = {isa = PBXFileReference; lastKnownFileType = sourcecode.swift; path = ContentView.swift; sourceTree = "<group>"; };
		AC8EF7652ACEB8BD00461BD6 /* Assets.xcassets */ = {isa = PBXFileReference; lastKnownFileType = folder.assetcatalog; path = Assets.xcassets; sourceTree = "<group>"; };
		AC8EF7682ACEB8BD00461BD6 /* Preview Assets.xcassets */ = {isa = PBXFileReference; lastKnownFileType = folder.assetcatalog; path = "Preview Assets.xcassets"; sourceTree = "<group>"; };
		AC8EF76F2ACEB95E00461BD6 /* STapButton.swift */ = {isa = PBXFileReference; lastKnownFileType = sourcecode.swift; path = STapButton.swift; sourceTree = "<group>"; };
		AC8EF7752ACEE12800461BD6 /* MusicSelectMenu.swift */ = {isa = PBXFileReference; lastKnownFileType = sourcecode.swift; path = MusicSelectMenu.swift; sourceTree = "<group>"; };
		AC8EF77A2ACEF25500461BD6 /* CountDown.swift */ = {isa = PBXFileReference; lastKnownFileType = sourcecode.swift; path = CountDown.swift; sourceTree = "<group>"; };
		F35F6F242ACEE6AF00D90A86 /* YoutubeAPI.swift */ = {isa = PBXFileReference; lastKnownFileType = sourcecode.swift; path = YoutubeAPI.swift; sourceTree = "<group>"; };
		F35F6F272ACEEB6F00D90A86 /* ViewModelable.swift */ = {isa = PBXFileReference; lastKnownFileType = sourcecode.swift; path = ViewModelable.swift; sourceTree = "<group>"; };
		F35F6F292ACEEB9B00D90A86 /* PlayerViewModel.swift */ = {isa = PBXFileReference; lastKnownFileType = sourcecode.swift; path = PlayerViewModel.swift; sourceTree = "<group>"; };
		F35F6F2B2ACEF1B500D90A86 /* MusicsViewModel.swift */ = {isa = PBXFileReference; lastKnownFileType = sourcecode.swift; path = MusicsViewModel.swift; sourceTree = "<group>"; };
		F35F6F2E2ACEF30900D90A86 /* SongDTO.swift */ = {isa = PBXFileReference; lastKnownFileType = sourcecode.swift; path = SongDTO.swift; sourceTree = "<group>"; };
		F35F6F312ACEF79500D90A86 /* Data+extensions.swift */ = {isa = PBXFileReference; lastKnownFileType = sourcecode.swift; path = "Data+extensions.swift"; sourceTree = "<group>"; };
		F35F6F342ACEFB2A00D90A86 /* Song.swift */ = {isa = PBXFileReference; lastKnownFileType = sourcecode.swift; path = Song.swift; sourceTree = "<group>"; };
		F35F6F392ACF0C4B00D90A86 /* PlayerView.swift */ = {isa = PBXFileReference; lastKnownFileType = sourcecode.swift; path = PlayerView.swift; sourceTree = "<group>"; };
		F35F6F3C2ACF29B000D90A86 /* HeaderView.swift */ = {isa = PBXFileReference; lastKnownFileType = sourcecode.swift; path = HeaderView.swift; sourceTree = "<group>"; };
/* End PBXFileReference section */

/* Begin PBXFrameworksBuildPhase section */
		AC8EF75B2ACEB8BC00461BD6 /* Frameworks */ = {
			isa = PBXFrameworksBuildPhase;
			buildActionMask = 2147483647;
			files = (
				F35F6F222ACEE67E00D90A86 /* Moya in Frameworks */,
				F35F6F202ACEE67E00D90A86 /* CombineMoya in Frameworks */,
				F35F6F382ACF0B5700D90A86 /* YouTubePlayerKit in Frameworks */,
			);
			runOnlyForDeploymentPostprocessing = 0;
		};
/* End PBXFrameworksBuildPhase section */

/* Begin PBXGroup section */
		AC8EF7552ACEB8BC00461BD6 = {
			isa = PBXGroup;
			children = (
				AC8EF7602ACEB8BC00461BD6 /* STap */,
				AC8EF75F2ACEB8BC00461BD6 /* Products */,
			);
			sourceTree = "<group>";
		};
		AC8EF75F2ACEB8BC00461BD6 /* Products */ = {
			isa = PBXGroup;
			children = (
				AC8EF75E2ACEB8BC00461BD6 /* STap.app */,
			);
			name = Products;
			sourceTree = "<group>";
		};
		AC8EF7602ACEB8BC00461BD6 /* STap */ = {
			isa = PBXGroup;
			children = (
				F35F6F3B2ACF28B900D90A86 /* View */,
				F35F6F332ACEFB2100D90A86 /* Model */,
				F35F6F302ACEF78400D90A86 /* Extension */,
				F35F6F2D2ACEF2FD00D90A86 /* DTO */,
				F35F6F262ACEEB5500D90A86 /* ViewModel */,
				F35F6F232ACEE68600D90A86 /* Network */,
				AC8EF7612ACEB8BC00461BD6 /* STapApp.swift */,
				AC8EF7652ACEB8BD00461BD6 /* Assets.xcassets */,
				AC8EF7672ACEB8BD00461BD6 /* Preview Content */,
			);
			path = STap;
			sourceTree = "<group>";
		};
		AC8EF7672ACEB8BD00461BD6 /* Preview Content */ = {
			isa = PBXGroup;
			children = (
				AC8EF7682ACEB8BD00461BD6 /* Preview Assets.xcassets */,
			);
			path = "Preview Content";
			sourceTree = "<group>";
		};
		F35F6F232ACEE68600D90A86 /* Network */ = {
			isa = PBXGroup;
			children = (
				F35F6F242ACEE6AF00D90A86 /* YoutubeAPI.swift */,
			);
			path = Network;
			sourceTree = "<group>";
		};
		F35F6F262ACEEB5500D90A86 /* ViewModel */ = {
			isa = PBXGroup;
			children = (
				F35F6F272ACEEB6F00D90A86 /* ViewModelable.swift */,
				F35F6F292ACEEB9B00D90A86 /* PlayerViewModel.swift */,
				F35F6F2B2ACEF1B500D90A86 /* MusicsViewModel.swift */,
			);
			path = ViewModel;
			sourceTree = "<group>";
		};
		F35F6F2D2ACEF2FD00D90A86 /* DTO */ = {
			isa = PBXGroup;
			children = (
				F35F6F2E2ACEF30900D90A86 /* SongDTO.swift */,
			);
			path = DTO;
			sourceTree = "<group>";
		};
		F35F6F302ACEF78400D90A86 /* Extension */ = {
			isa = PBXGroup;
			children = (
				F35F6F312ACEF79500D90A86 /* Data+extensions.swift */,
			);
			path = Extension;
			sourceTree = "<group>";
		};
		F35F6F332ACEFB2100D90A86 /* Model */ = {
			isa = PBXGroup;
			children = (
				F35F6F342ACEFB2A00D90A86 /* Song.swift */,
			);
			path = Model;
			sourceTree = "<group>";
		};
		F35F6F3B2ACF28B900D90A86 /* View */ = {
			isa = PBXGroup;
			children = (
				AC8EF77A2ACEF25500461BD6 /* CountDown.swift */,
				AC8EF7752ACEE12800461BD6 /* MusicSelectMenu.swift */,
				AC8EF76F2ACEB95E00461BD6 /* STapButton.swift */,
				F35F6F392ACF0C4B00D90A86 /* PlayerView.swift */,
				AC8EF7632ACEB8BC00461BD6 /* ContentView.swift */,
				F35F6F3C2ACF29B000D90A86 /* HeaderView.swift */,
			);
			path = View;
			sourceTree = "<group>";
		};
/* End PBXGroup section */

/* Begin PBXNativeTarget section */
		AC8EF75D2ACEB8BC00461BD6 /* STap */ = {
			isa = PBXNativeTarget;
			buildConfigurationList = AC8EF76C2ACEB8BD00461BD6 /* Build configuration list for PBXNativeTarget "STap" */;
			buildPhases = (
				AC8EF75A2ACEB8BC00461BD6 /* Sources */,
				AC8EF75B2ACEB8BC00461BD6 /* Frameworks */,
				AC8EF75C2ACEB8BC00461BD6 /* Resources */,
			);
			buildRules = (
			);
			dependencies = (
			);
			name = STap;
			packageProductDependencies = (
				F35F6F1F2ACEE67E00D90A86 /* CombineMoya */,
				F35F6F212ACEE67E00D90A86 /* Moya */,
				F35F6F372ACF0B5700D90A86 /* YouTubePlayerKit */,
			);
			productName = STap;
			productReference = AC8EF75E2ACEB8BC00461BD6 /* STap.app */;
			productType = "com.apple.product-type.application";
		};
/* End PBXNativeTarget section */

/* Begin PBXProject section */
		AC8EF7562ACEB8BC00461BD6 /* Project object */ = {
			isa = PBXProject;
			attributes = {
				BuildIndependentTargetsInParallel = 1;
				LastSwiftUpdateCheck = 1430;
				LastUpgradeCheck = 1430;
				TargetAttributes = {
					AC8EF75D2ACEB8BC00461BD6 = {
						CreatedOnToolsVersion = 14.3.1;
					};
				};
			};
			buildConfigurationList = AC8EF7592ACEB8BC00461BD6 /* Build configuration list for PBXProject "STap" */;
			compatibilityVersion = "Xcode 14.0";
			developmentRegion = en;
			hasScannedForEncodings = 0;
			knownRegions = (
				en,
				Base,
			);
			mainGroup = AC8EF7552ACEB8BC00461BD6;
			packageReferences = (
				F35F6F1E2ACEE67E00D90A86 /* XCRemoteSwiftPackageReference "Moya" */,
				F35F6F362ACF0B5700D90A86 /* XCRemoteSwiftPackageReference "YouTubePlayerKit" */,
			);
			productRefGroup = AC8EF75F2ACEB8BC00461BD6 /* Products */;
			projectDirPath = "";
			projectRoot = "";
			targets = (
				AC8EF75D2ACEB8BC00461BD6 /* STap */,
			);
		};
/* End PBXProject section */

/* Begin PBXResourcesBuildPhase section */
		AC8EF75C2ACEB8BC00461BD6 /* Resources */ = {
			isa = PBXResourcesBuildPhase;
			buildActionMask = 2147483647;
			files = (
				AC8EF7692ACEB8BD00461BD6 /* Preview Assets.xcassets in Resources */,
				AC8EF7662ACEB8BD00461BD6 /* Assets.xcassets in Resources */,
			);
			runOnlyForDeploymentPostprocessing = 0;
		};
/* End PBXResourcesBuildPhase section */

/* Begin PBXSourcesBuildPhase section */
		AC8EF75A2ACEB8BC00461BD6 /* Sources */ = {
			isa = PBXSourcesBuildPhase;
			buildActionMask = 2147483647;
			files = (
				F35F6F2A2ACEEB9B00D90A86 /* PlayerViewModel.swift in Sources */,
				AC8EF7642ACEB8BC00461BD6 /* ContentView.swift in Sources */,
				AC8EF7702ACEB95E00461BD6 /* STapButton.swift in Sources */,
				AC8EF77B2ACEF25500461BD6 /* CountDown.swift in Sources */,
				AC8EF7762ACEE12800461BD6 /* MusicSelectMenu.swift in Sources */,
				F35F6F2C2ACEF1B500D90A86 /* MusicsViewModel.swift in Sources */,
				F35F6F352ACEFB2A00D90A86 /* Song.swift in Sources */,
				F35F6F3A2ACF0C4B00D90A86 /* PlayerView.swift in Sources */,
				F35F6F2F2ACEF30900D90A86 /* SongDTO.swift in Sources */,
				F35F6F282ACEEB6F00D90A86 /* ViewModelable.swift in Sources */,
				F35F6F322ACEF79500D90A86 /* Data+extensions.swift in Sources */,
				F35F6F252ACEE6AF00D90A86 /* YoutubeAPI.swift in Sources */,
				AC8EF7622ACEB8BC00461BD6 /* STapApp.swift in Sources */,
				F35F6F3D2ACF29B000D90A86 /* HeaderView.swift in Sources */,
			);
			runOnlyForDeploymentPostprocessing = 0;
		};
/* End PBXSourcesBuildPhase section */

/* Begin XCBuildConfiguration section */
		AC8EF76A2ACEB8BD00461BD6 /* Debug */ = {
			isa = XCBuildConfiguration;
			buildSettings = {
				ALWAYS_SEARCH_USER_PATHS = NO;
				CLANG_ANALYZER_NONNULL = YES;
				CLANG_ANALYZER_NUMBER_OBJECT_CONVERSION = YES_AGGRESSIVE;
				CLANG_CXX_LANGUAGE_STANDARD = "gnu++20";
				CLANG_ENABLE_MODULES = YES;
				CLANG_ENABLE_OBJC_ARC = YES;
				CLANG_ENABLE_OBJC_WEAK = YES;
				CLANG_WARN_BLOCK_CAPTURE_AUTORELEASING = YES;
				CLANG_WARN_BOOL_CONVERSION = YES;
				CLANG_WARN_COMMA = YES;
				CLANG_WARN_CONSTANT_CONVERSION = YES;
				CLANG_WARN_DEPRECATED_OBJC_IMPLEMENTATIONS = YES;
				CLANG_WARN_DIRECT_OBJC_ISA_USAGE = YES_ERROR;
				CLANG_WARN_DOCUMENTATION_COMMENTS = YES;
				CLANG_WARN_EMPTY_BODY = YES;
				CLANG_WARN_ENUM_CONVERSION = YES;
				CLANG_WARN_INFINITE_RECURSION = YES;
				CLANG_WARN_INT_CONVERSION = YES;
				CLANG_WARN_NON_LITERAL_NULL_CONVERSION = YES;
				CLANG_WARN_OBJC_IMPLICIT_RETAIN_SELF = YES;
				CLANG_WARN_OBJC_LITERAL_CONVERSION = YES;
				CLANG_WARN_OBJC_ROOT_CLASS = YES_ERROR;
				CLANG_WARN_QUOTED_INCLUDE_IN_FRAMEWORK_HEADER = YES;
				CLANG_WARN_RANGE_LOOP_ANALYSIS = YES;
				CLANG_WARN_STRICT_PROTOTYPES = YES;
				CLANG_WARN_SUSPICIOUS_MOVE = YES;
				CLANG_WARN_UNGUARDED_AVAILABILITY = YES_AGGRESSIVE;
				CLANG_WARN_UNREACHABLE_CODE = YES;
				CLANG_WARN__DUPLICATE_METHOD_MATCH = YES;
				COPY_PHASE_STRIP = NO;
				DEBUG_INFORMATION_FORMAT = dwarf;
				ENABLE_STRICT_OBJC_MSGSEND = YES;
				ENABLE_TESTABILITY = YES;
				GCC_C_LANGUAGE_STANDARD = gnu11;
				GCC_DYNAMIC_NO_PIC = NO;
				GCC_NO_COMMON_BLOCKS = YES;
				GCC_OPTIMIZATION_LEVEL = 0;
				GCC_PREPROCESSOR_DEFINITIONS = (
					"DEBUG=1",
					"$(inherited)",
				);
				GCC_WARN_64_TO_32_BIT_CONVERSION = YES;
				GCC_WARN_ABOUT_RETURN_TYPE = YES_ERROR;
				GCC_WARN_UNDECLARED_SELECTOR = YES;
				GCC_WARN_UNINITIALIZED_AUTOS = YES_AGGRESSIVE;
				GCC_WARN_UNUSED_FUNCTION = YES;
				GCC_WARN_UNUSED_VARIABLE = YES;
				IPHONEOS_DEPLOYMENT_TARGET = 16.4;
				MTL_ENABLE_DEBUG_INFO = INCLUDE_SOURCE;
				MTL_FAST_MATH = YES;
				ONLY_ACTIVE_ARCH = YES;
				SDKROOT = iphoneos;
				SWIFT_ACTIVE_COMPILATION_CONDITIONS = DEBUG;
				SWIFT_OPTIMIZATION_LEVEL = "-Onone";
			};
			name = Debug;
		};
		AC8EF76B2ACEB8BD00461BD6 /* Release */ = {
			isa = XCBuildConfiguration;
			buildSettings = {
				ALWAYS_SEARCH_USER_PATHS = NO;
				CLANG_ANALYZER_NONNULL = YES;
				CLANG_ANALYZER_NUMBER_OBJECT_CONVERSION = YES_AGGRESSIVE;
				CLANG_CXX_LANGUAGE_STANDARD = "gnu++20";
				CLANG_ENABLE_MODULES = YES;
				CLANG_ENABLE_OBJC_ARC = YES;
				CLANG_ENABLE_OBJC_WEAK = YES;
				CLANG_WARN_BLOCK_CAPTURE_AUTORELEASING = YES;
				CLANG_WARN_BOOL_CONVERSION = YES;
				CLANG_WARN_COMMA = YES;
				CLANG_WARN_CONSTANT_CONVERSION = YES;
				CLANG_WARN_DEPRECATED_OBJC_IMPLEMENTATIONS = YES;
				CLANG_WARN_DIRECT_OBJC_ISA_USAGE = YES_ERROR;
				CLANG_WARN_DOCUMENTATION_COMMENTS = YES;
				CLANG_WARN_EMPTY_BODY = YES;
				CLANG_WARN_ENUM_CONVERSION = YES;
				CLANG_WARN_INFINITE_RECURSION = YES;
				CLANG_WARN_INT_CONVERSION = YES;
				CLANG_WARN_NON_LITERAL_NULL_CONVERSION = YES;
				CLANG_WARN_OBJC_IMPLICIT_RETAIN_SELF = YES;
				CLANG_WARN_OBJC_LITERAL_CONVERSION = YES;
				CLANG_WARN_OBJC_ROOT_CLASS = YES_ERROR;
				CLANG_WARN_QUOTED_INCLUDE_IN_FRAMEWORK_HEADER = YES;
				CLANG_WARN_RANGE_LOOP_ANALYSIS = YES;
				CLANG_WARN_STRICT_PROTOTYPES = YES;
				CLANG_WARN_SUSPICIOUS_MOVE = YES;
				CLANG_WARN_UNGUARDED_AVAILABILITY = YES_AGGRESSIVE;
				CLANG_WARN_UNREACHABLE_CODE = YES;
				CLANG_WARN__DUPLICATE_METHOD_MATCH = YES;
				COPY_PHASE_STRIP = NO;
				DEBUG_INFORMATION_FORMAT = "dwarf-with-dsym";
				ENABLE_NS_ASSERTIONS = NO;
				ENABLE_STRICT_OBJC_MSGSEND = YES;
				GCC_C_LANGUAGE_STANDARD = gnu11;
				GCC_NO_COMMON_BLOCKS = YES;
				GCC_WARN_64_TO_32_BIT_CONVERSION = YES;
				GCC_WARN_ABOUT_RETURN_TYPE = YES_ERROR;
				GCC_WARN_UNDECLARED_SELECTOR = YES;
				GCC_WARN_UNINITIALIZED_AUTOS = YES_AGGRESSIVE;
				GCC_WARN_UNUSED_FUNCTION = YES;
				GCC_WARN_UNUSED_VARIABLE = YES;
				IPHONEOS_DEPLOYMENT_TARGET = 16.4;
				MTL_ENABLE_DEBUG_INFO = NO;
				MTL_FAST_MATH = YES;
				SDKROOT = iphoneos;
				SWIFT_COMPILATION_MODE = wholemodule;
				SWIFT_OPTIMIZATION_LEVEL = "-O";
				VALIDATE_PRODUCT = YES;
			};
			name = Release;
		};
		AC8EF76D2ACEB8BD00461BD6 /* Debug */ = {
			isa = XCBuildConfiguration;
			buildSettings = {
				ASSETCATALOG_COMPILER_APPICON_NAME = AppIcon;
				ASSETCATALOG_COMPILER_GLOBAL_ACCENT_COLOR_NAME = AccentColor;
				CODE_SIGN_STYLE = Automatic;
				CURRENT_PROJECT_VERSION = 1;
				DEVELOPMENT_ASSET_PATHS = "\"STap/Preview Content\"";
				ENABLE_PREVIEWS = YES;
				GENERATE_INFOPLIST_FILE = YES;
				INFOPLIST_KEY_UIApplicationSceneManifest_Generation = YES;
				INFOPLIST_KEY_UIApplicationSupportsIndirectInputEvents = YES;
				INFOPLIST_KEY_UILaunchScreen_Generation = YES;
				INFOPLIST_KEY_UISupportedInterfaceOrientations_iPad = "UIInterfaceOrientationPortrait UIInterfaceOrientationPortraitUpsideDown UIInterfaceOrientationLandscapeLeft UIInterfaceOrientationLandscapeRight";
				INFOPLIST_KEY_UISupportedInterfaceOrientations_iPhone = "UIInterfaceOrientationPortrait UIInterfaceOrientationLandscapeLeft UIInterfaceOrientationLandscapeRight";
				LD_RUNPATH_SEARCH_PATHS = (
					"$(inherited)",
					"@executable_path/Frameworks",
				);
				MARKETING_VERSION = 1.0;
				PRODUCT_BUNDLE_IDENTIFIER = net.dasankim.STap;
				PRODUCT_NAME = "$(TARGET_NAME)";
				SWIFT_EMIT_LOC_STRINGS = YES;
				SWIFT_VERSION = 5.0;
				TARGETED_DEVICE_FAMILY = "1,2";
			};
			name = Debug;
		};
		AC8EF76E2ACEB8BD00461BD6 /* Release */ = {
			isa = XCBuildConfiguration;
			buildSettings = {
				ASSETCATALOG_COMPILER_APPICON_NAME = AppIcon;
				ASSETCATALOG_COMPILER_GLOBAL_ACCENT_COLOR_NAME = AccentColor;
				CODE_SIGN_STYLE = Automatic;
				CURRENT_PROJECT_VERSION = 1;
				DEVELOPMENT_ASSET_PATHS = "\"STap/Preview Content\"";
				ENABLE_PREVIEWS = YES;
				GENERATE_INFOPLIST_FILE = YES;
				INFOPLIST_KEY_UIApplicationSceneManifest_Generation = YES;
				INFOPLIST_KEY_UIApplicationSupportsIndirectInputEvents = YES;
				INFOPLIST_KEY_UILaunchScreen_Generation = YES;
				INFOPLIST_KEY_UISupportedInterfaceOrientations_iPad = "UIInterfaceOrientationPortrait UIInterfaceOrientationPortraitUpsideDown UIInterfaceOrientationLandscapeLeft UIInterfaceOrientationLandscapeRight";
				INFOPLIST_KEY_UISupportedInterfaceOrientations_iPhone = "UIInterfaceOrientationPortrait UIInterfaceOrientationLandscapeLeft UIInterfaceOrientationLandscapeRight";
				LD_RUNPATH_SEARCH_PATHS = (
					"$(inherited)",
					"@executable_path/Frameworks",
				);
				MARKETING_VERSION = 1.0;
				PRODUCT_BUNDLE_IDENTIFIER = net.dasankim.STap;
				PRODUCT_NAME = "$(TARGET_NAME)";
				SWIFT_EMIT_LOC_STRINGS = YES;
				SWIFT_VERSION = 5.0;
				TARGETED_DEVICE_FAMILY = "1,2";
			};
			name = Release;
		};
/* End XCBuildConfiguration section */

/* Begin XCConfigurationList section */
		AC8EF7592ACEB8BC00461BD6 /* Build configuration list for PBXProject "STap" */ = {
			isa = XCConfigurationList;
			buildConfigurations = (
				AC8EF76A2ACEB8BD00461BD6 /* Debug */,
				AC8EF76B2ACEB8BD00461BD6 /* Release */,
			);
			defaultConfigurationIsVisible = 0;
			defaultConfigurationName = Release;
		};
		AC8EF76C2ACEB8BD00461BD6 /* Build configuration list for PBXNativeTarget "STap" */ = {
			isa = XCConfigurationList;
			buildConfigurations = (
				AC8EF76D2ACEB8BD00461BD6 /* Debug */,
				AC8EF76E2ACEB8BD00461BD6 /* Release */,
			);
			defaultConfigurationIsVisible = 0;
			defaultConfigurationName = Release;
		};
/* End XCConfigurationList section */

/* Begin XCRemoteSwiftPackageReference section */
		F35F6F1E2ACEE67E00D90A86 /* XCRemoteSwiftPackageReference "Moya" */ = {
			isa = XCRemoteSwiftPackageReference;
			repositoryURL = "https://github.com/Moya/Moya";
			requirement = {
				kind = upToNextMajorVersion;
				minimumVersion = 15.0.0;
			};
		};
		F35F6F362ACF0B5700D90A86 /* XCRemoteSwiftPackageReference "YouTubePlayerKit" */ = {
			isa = XCRemoteSwiftPackageReference;
			repositoryURL = "https://github.com/SvenTiigi/YouTubePlayerKit";
			requirement = {
				kind = upToNextMajorVersion;
				minimumVersion = 1.0.0;
			};
		};
/* End XCRemoteSwiftPackageReference section */

/* Begin XCSwiftPackageProductDependency section */
		F35F6F1F2ACEE67E00D90A86 /* CombineMoya */ = {
			isa = XCSwiftPackageProductDependency;
			package = F35F6F1E2ACEE67E00D90A86 /* XCRemoteSwiftPackageReference "Moya" */;
			productName = CombineMoya;
		};
		F35F6F212ACEE67E00D90A86 /* Moya */ = {
			isa = XCSwiftPackageProductDependency;
			package = F35F6F1E2ACEE67E00D90A86 /* XCRemoteSwiftPackageReference "Moya" */;
			productName = Moya;
		};
		F35F6F372ACF0B5700D90A86 /* YouTubePlayerKit */ = {
			isa = XCSwiftPackageProductDependency;
			package = F35F6F362ACF0B5700D90A86 /* XCRemoteSwiftPackageReference "YouTubePlayerKit" */;
			productName = YouTubePlayerKit;
		};
/* End XCSwiftPackageProductDependency section */
	};
	rootObject = AC8EF7562ACEB8BC00461BD6 /* Project object */;
}
